
Microsoft Visual Studio Solution File, Format Version 12.00
# Visual Studio Version 16
VisualStudioVersion = 16.0.29519.87
MinimumVisualStudioVersion = 10.0.40219.1
Project("{FAE04EC0-301F-11D3-BF4B-00C04F79EFBC}") = "SAM.Geometry.Topologic", "SAM_Topologic\SAM.Geometry.Topologic\SAM.Geometry.Topologic.csproj", "{F50BD61E-ABE4-4867-B815-E9F701968031}"
EndProject
Project("{2150E333-8FDC-42A3-9474-1A3956D46DE8}") = "SAM_Topologic", "SAM_Topologic", "{BADE2121-2C37-49A8-87AA-731543A8E39B}"
EndProject
Project("{2150E333-8FDC-42A3-9474-1A3956D46DE8}") = "Dynamo", "Dynamo", "{6C323826-91AF-47F7-AE3D-051EECF342DE}"
EndProject
Project("{2150E333-8FDC-42A3-9474-1A3956D46DE8}") = "Grasshopper", "Grasshopper", "{D8A60381-7F5F-483A-AF23-F77F76BC1419}"
EndProject
Project("{FAE04EC0-301F-11D3-BF4B-00C04F79EFBC}") = "SAM_TopologicGeometryDynamo", "Dynamo\SAM_TopologyGeometryDynamo\SAM_TopologicGeometryDynamo.csproj", "{31847A71-1B4C-4E40-A202-391922B39876}"
EndProject
Project("{FAE04EC0-301F-11D3-BF4B-00C04F79EFBC}") = "SAM.Geometry.Grasshopper.Topologic", "Grasshopper\SAM.Geometry.Grasshopper.Topologic\SAM.Geometry.Grasshopper.Topologic.csproj", "{B8F0EE34-A776-4518-ADA2-E047E468B47B}"
EndProject
Project("{FAE04EC0-301F-11D3-BF4B-00C04F79EFBC}") = "SAM.Analytical.Grasshopper.Topologic", "Grasshopper\SAM.Analytical.Grasshopper.Topologic\SAM.Analytical.Grasshopper.Topologic.csproj", "{E31E5F4E-EAC1-4E48-A5F9-E4560896C2B3}"
EndProject
Project("{FAE04EC0-301F-11D3-BF4B-00C04F79EFBC}") = "SAM.Analytical.Topologic", "SAM_Topologic\SAM.Analytical.Topologic\SAM.Analytical.Topologic.csproj", "{577724CA-7F73-473A-8C32-8EF0250F247E}"
EndProject
Global
	GlobalSection(SolutionConfigurationPlatforms) = preSolution
		Debug|Any CPU = Debug|Any CPU
		Release|Any CPU = Release|Any CPU
	EndGlobalSection
	GlobalSection(ProjectConfigurationPlatforms) = postSolution
		{F50BD61E-ABE4-4867-B815-E9F701968031}.Debug|Any CPU.ActiveCfg = Debug|Any CPU
		{F50BD61E-ABE4-4867-B815-E9F701968031}.Debug|Any CPU.Build.0 = Debug|Any CPU
		{F50BD61E-ABE4-4867-B815-E9F701968031}.Release|Any CPU.ActiveCfg = Release|Any CPU
		{F50BD61E-ABE4-4867-B815-E9F701968031}.Release|Any CPU.Build.0 = Release|Any CPU
		{31847A71-1B4C-4E40-A202-391922B39876}.Debug|Any CPU.ActiveCfg = Debug|Any CPU
		{31847A71-1B4C-4E40-A202-391922B39876}.Debug|Any CPU.Build.0 = Debug|Any CPU
		{31847A71-1B4C-4E40-A202-391922B39876}.Release|Any CPU.ActiveCfg = Release|Any CPU
		{31847A71-1B4C-4E40-A202-391922B39876}.Release|Any CPU.Build.0 = Release|Any CPU
		{B8F0EE34-A776-4518-ADA2-E047E468B47B}.Debug|Any CPU.ActiveCfg = Debug|Any CPU
		{B8F0EE34-A776-4518-ADA2-E047E468B47B}.Debug|Any CPU.Build.0 = Debug|Any CPU
		{B8F0EE34-A776-4518-ADA2-E047E468B47B}.Release|Any CPU.ActiveCfg = Release|Any CPU
		{B8F0EE34-A776-4518-ADA2-E047E468B47B}.Release|Any CPU.Build.0 = Release|Any CPU
		{E31E5F4E-EAC1-4E48-A5F9-E4560896C2B3}.Debug|Any CPU.ActiveCfg = Debug|Any CPU
		{E31E5F4E-EAC1-4E48-A5F9-E4560896C2B3}.Debug|Any CPU.Build.0 = Debug|Any CPU
		{E31E5F4E-EAC1-4E48-A5F9-E4560896C2B3}.Release|Any CPU.ActiveCfg = Release|Any CPU
		{E31E5F4E-EAC1-4E48-A5F9-E4560896C2B3}.Release|Any CPU.Build.0 = Release|Any CPU
		{577724CA-7F73-473A-8C32-8EF0250F247E}.Debug|Any CPU.ActiveCfg = Debug|Any CPU
		{577724CA-7F73-473A-8C32-8EF0250F247E}.Debug|Any CPU.Build.0 = Debug|Any CPU
		{577724CA-7F73-473A-8C32-8EF0250F247E}.Release|Any CPU.ActiveCfg = Release|Any CPU
		{577724CA-7F73-473A-8C32-8EF0250F247E}.Release|Any CPU.Build.0 = Release|Any CPU
	EndGlobalSection
	GlobalSection(SolutionProperties) = preSolution
		HideSolutionNode = FALSE
	EndGlobalSection
	GlobalSection(NestedProjects) = preSolution
		{F50BD61E-ABE4-4867-B815-E9F701968031} = {BADE2121-2C37-49A8-87AA-731543A8E39B}
		{31847A71-1B4C-4E40-A202-391922B39876} = {6C323826-91AF-47F7-AE3D-051EECF342DE}
		{B8F0EE34-A776-4518-ADA2-E047E468B47B} = {D8A60381-7F5F-483A-AF23-F77F76BC1419}
		{E31E5F4E-EAC1-4E48-A5F9-E4560896C2B3} = {D8A60381-7F5F-483A-AF23-F77F76BC1419}
		{577724CA-7F73-473A-8C32-8EF0250F247E} = {BADE2121-2C37-49A8-87AA-731543A8E39B}
	EndGlobalSection
	GlobalSection(ExtensibilityGlobals) = postSolution
		SolutionGuid = {140E1AD9-51B3-4B79-BF00-575FBD3161FA}
	EndGlobalSection
EndGlobal
